// !$*UTF8*$!
{
	archiveVersion = 1;
	classes = {
	};
	objectVersion = 56;
	objects = {

/* Begin PBXBuildFile section */
		F80E70A62A7D9BFC003A3D9C /* TripLoadingView.swift in Sources */ = {isa = PBXBuildFile; fileRef = F80E70A52A7D9BFC003A3D9C /* TripLoadingView.swift */; };
		F80E70A82A7D9C4A003A3D9C /* TripAcceptedView.swift in Sources */ = {isa = PBXBuildFile; fileRef = F80E70A72A7D9C4A003A3D9C /* TripAcceptedView.swift */; };
		F80E70AA2A7DA174003A3D9C /* Spinner.swift in Sources */ = {isa = PBXBuildFile; fileRef = F80E70A92A7DA174003A3D9C /* Spinner.swift */; };
		F80E70AE2A7E6A51003A3D9C /* PickupPassengerView.swift in Sources */ = {isa = PBXBuildFile; fileRef = F80E70AD2A7E6A51003A3D9C /* PickupPassengerView.swift */; };
		F80E70B12A7EA68D003A3D9C /* TripCancelledView.swift in Sources */ = {isa = PBXBuildFile; fileRef = F80E70B02A7EA68D003A3D9C /* TripCancelledView.swift */; };
		F8117D1E2A65DE9C00973DF4 /* UberApp.swift in Sources */ = {isa = PBXBuildFile; fileRef = F8117D1D2A65DE9C00973DF4 /* UberApp.swift */; };
		F8117D222A65DE9E00973DF4 /* Assets.xcassets in Resources */ = {isa = PBXBuildFile; fileRef = F8117D212A65DE9E00973DF4 /* Assets.xcassets */; };
		F8117D252A65DE9E00973DF4 /* Preview Assets.xcassets in Resources */ = {isa = PBXBuildFile; fileRef = F8117D242A65DE9E00973DF4 /* Preview Assets.xcassets */; };
		F8117D372A65DFD200973DF4 /* HomeView.swift in Sources */ = {isa = PBXBuildFile; fileRef = F8117D362A65DFD200973DF4 /* HomeView.swift */; };
		F8117D392A65E1C100973DF4 /* UberMapViewRepresentable.swift in Sources */ = {isa = PBXBuildFile; fileRef = F8117D382A65E1C100973DF4 /* UberMapViewRepresentable.swift */; };
		F8117D3B2A65EC2400973DF4 /* LocationManager.swift in Sources */ = {isa = PBXBuildFile; fileRef = F8117D3A2A65EC2400973DF4 /* LocationManager.swift */; };
		F8117D412A66AB9700973DF4 /* LocationSearchActivationView.swift in Sources */ = {isa = PBXBuildFile; fileRef = F8117D402A66AB9700973DF4 /* LocationSearchActivationView.swift */; };
		F8117D432A66AD3800973DF4 /* MapViewActionButton.swift in Sources */ = {isa = PBXBuildFile; fileRef = F8117D422A66AD3800973DF4 /* MapViewActionButton.swift */; };
		F8117D452A66AF7C00973DF4 /* LocationSearchView.swift in Sources */ = {isa = PBXBuildFile; fileRef = F8117D442A66AF7C00973DF4 /* LocationSearchView.swift */; };
		F8117D472A66B3FF00973DF4 /* LocationSearchResultCell.swift in Sources */ = {isa = PBXBuildFile; fileRef = F8117D462A66B3FF00973DF4 /* LocationSearchResultCell.swift */; };
		F8117D492A66DAE100973DF4 /* LocationSearchViewModel.swift in Sources */ = {isa = PBXBuildFile; fileRef = F8117D482A66DAE100973DF4 /* LocationSearchViewModel.swift */; };
		F8117D4B2A6861FE00973DF4 /* MapViewState.swift in Sources */ = {isa = PBXBuildFile; fileRef = F8117D4A2A6861FE00973DF4 /* MapViewState.swift */; };
		F83742A62A76A4B900D1CC33 /* SettingsView.swift in Sources */ = {isa = PBXBuildFile; fileRef = F83742A52A76A4B900D1CC33 /* SettingsView.swift */; };
		F83742AA2A76A58900D1CC33 /* UserInfoHeader.swift in Sources */ = {isa = PBXBuildFile; fileRef = F83742A92A76A58900D1CC33 /* UserInfoHeader.swift */; };
		F83742AC2A76B02F00D1CC33 /* CategoryCellView.swift in Sources */ = {isa = PBXBuildFile; fileRef = F83742AB2A76B02F00D1CC33 /* CategoryCellView.swift */; };
		F83742AE2A76E6FF00D1CC33 /* SavedLocationViewModel.swift in Sources */ = {isa = PBXBuildFile; fileRef = F83742AD2A76E6FF00D1CC33 /* SavedLocationViewModel.swift */; };
		F83742B02A76ED8000D1CC33 /* SavedLocationSearchView.swift in Sources */ = {isa = PBXBuildFile; fileRef = F83742AF2A76ED8000D1CC33 /* SavedLocationSearchView.swift */; };
		F83742B22A76F71000D1CC33 /* LocationSearchResultsView.swift in Sources */ = {isa = PBXBuildFile; fileRef = F83742B12A76F71000D1CC33 /* LocationSearchResultsView.swift */; };
		F83742B42A7704AB00D1CC33 /* SavedLocation.swift in Sources */ = {isa = PBXBuildFile; fileRef = F83742B32A7704AB00D1CC33 /* SavedLocation.swift */; };
		F83742B62A771FA400D1CC33 /* DeveloperPreview.swift in Sources */ = {isa = PBXBuildFile; fileRef = F83742B52A771FA400D1CC33 /* DeveloperPreview.swift */; };
		F83742B82A77261600D1CC33 /* HomeViewModel.swift in Sources */ = {isa = PBXBuildFile; fileRef = F83742B72A77261600D1CC33 /* HomeViewModel.swift */; };
		F83742BA2A79565500D1CC33 /* DriverAnnotation.swift in Sources */ = {isa = PBXBuildFile; fileRef = F83742B92A79565500D1CC33 /* DriverAnnotation.swift */; };
		F83742BD2A797F6200D1CC33 /* UserService.swift in Sources */ = {isa = PBXBuildFile; fileRef = F83742BC2A797F6200D1CC33 /* UserService.swift */; };
		F83742BF2A799B5800D1CC33 /* AcceptTripView.swift in Sources */ = {isa = PBXBuildFile; fileRef = F83742BE2A799B5800D1CC33 /* AcceptTripView.swift */; };
		F83742C12A79A7DE00D1CC33 /* Trip.swift in Sources */ = {isa = PBXBuildFile; fileRef = F83742C02A79A7DE00D1CC33 /* Trip.swift */; };
		F83742C32A7AD81E00D1CC33 /* GeoPoint.swift in Sources */ = {isa = PBXBuildFile; fileRef = F83742C22A7AD81E00D1CC33 /* GeoPoint.swift */; };
		F8B53F432A715963002AD317 /* RideRequestView.swift in Sources */ = {isa = PBXBuildFile; fileRef = F8B53F422A715963002AD317 /* RideRequestView.swift */; };
		F8CA559D2A72A1A600CBC6A7 /* RideType.swift in Sources */ = {isa = PBXBuildFile; fileRef = F8CA559C2A72A1A600CBC6A7 /* RideType.swift */; };
		F8CA559F2A73032600CBC6A7 /* Double.swift in Sources */ = {isa = PBXBuildFile; fileRef = F8CA559E2A73032600CBC6A7 /* Double.swift */; };
		F8CA55A12A730EE700CBC6A7 /* UberLocation.swift in Sources */ = {isa = PBXBuildFile; fileRef = F8CA55A02A730EE700CBC6A7 /* UberLocation.swift */; };
		F8CA55A32A7315DC00CBC6A7 /* Color.swift in Sources */ = {isa = PBXBuildFile; fileRef = F8CA55A22A7315DC00CBC6A7 /* Color.swift */; };
		F8CA55A82A73D36C00CBC6A7 /* LoginView.swift in Sources */ = {isa = PBXBuildFile; fileRef = F8CA55A72A73D36C00CBC6A7 /* LoginView.swift */; };
		F8CA55AA2A73D37D00CBC6A7 /* RegistrationView.swift in Sources */ = {isa = PBXBuildFile; fileRef = F8CA55A92A73D37D00CBC6A7 /* RegistrationView.swift */; };
		F8CA55AD2A74021600CBC6A7 /* CustomInputField.swift in Sources */ = {isa = PBXBuildFile; fileRef = F8CA55AC2A74021600CBC6A7 /* CustomInputField.swift */; };
		F8CA55AF2A7559EB00CBC6A7 /* GoogleService-Info.plist in Resources */ = {isa = PBXBuildFile; fileRef = F8CA55AE2A7559EB00CBC6A7 /* GoogleService-Info.plist */; };
		F8CA55B22A755D1600CBC6A7 /* FirebaseAuth in Frameworks */ = {isa = PBXBuildFile; productRef = F8CA55B12A755D1600CBC6A7 /* FirebaseAuth */; };
		F8CA55B42A755D1600CBC6A7 /* FirebaseFirestore in Frameworks */ = {isa = PBXBuildFile; productRef = F8CA55B32A755D1600CBC6A7 /* FirebaseFirestore */; };
		F8CA55B62A755D1600CBC6A7 /* FirebaseFirestoreSwift in Frameworks */ = {isa = PBXBuildFile; productRef = F8CA55B52A755D1600CBC6A7 /* FirebaseFirestoreSwift */; };
		F8CA55B82A755D1600CBC6A7 /* FirebaseStorage in Frameworks */ = {isa = PBXBuildFile; productRef = F8CA55B72A755D1600CBC6A7 /* FirebaseStorage */; };
		F8CA55BA2A75615700CBC6A7 /* AuthViewModel.swift in Sources */ = {isa = PBXBuildFile; fileRef = F8CA55B92A75615700CBC6A7 /* AuthViewModel.swift */; };
		F8CA55BC2A758BC500CBC6A7 /* User.swift in Sources */ = {isa = PBXBuildFile; fileRef = F8CA55BB2A758BC500CBC6A7 /* User.swift */; };
		F8CA55C12A75AADC00CBC6A7 /* SideMenuView.swift in Sources */ = {isa = PBXBuildFile; fileRef = F8CA55C02A75AADC00CBC6A7 /* SideMenuView.swift */; };
		F8CA55C32A75B7CD00CBC6A7 /* SideMenuOptionViewModel.swift in Sources */ = {isa = PBXBuildFile; fileRef = F8CA55C22A75B7CD00CBC6A7 /* SideMenuOptionViewModel.swift */; };
		F8CA55C52A75B8BE00CBC6A7 /* SideMenuOptionView.swift in Sources */ = {isa = PBXBuildFile; fileRef = F8CA55C42A75B8BE00CBC6A7 /* SideMenuOptionView.swift */; };
/* End PBXBuildFile section */

/* Begin PBXFileReference section */
		F80E70A52A7D9BFC003A3D9C /* TripLoadingView.swift */ = {isa = PBXFileReference; lastKnownFileType = sourcecode.swift; path = TripLoadingView.swift; sourceTree = "<group>"; };
		F80E70A72A7D9C4A003A3D9C /* TripAcceptedView.swift */ = {isa = PBXFileReference; lastKnownFileType = sourcecode.swift; path = TripAcceptedView.swift; sourceTree = "<group>"; };
		F80E70A92A7DA174003A3D9C /* Spinner.swift */ = {isa = PBXFileReference; fileEncoding = 4; lastKnownFileType = sourcecode.swift; path = Spinner.swift; sourceTree = "<group>"; };
		F80E70AD2A7E6A51003A3D9C /* PickupPassengerView.swift */ = {isa = PBXFileReference; lastKnownFileType = sourcecode.swift; path = PickupPassengerView.swift; sourceTree = "<group>"; };
		F80E70B02A7EA68D003A3D9C /* TripCancelledView.swift */ = {isa = PBXFileReference; lastKnownFileType = sourcecode.swift; path = TripCancelledView.swift; sourceTree = "<group>"; };
		F8117D1A2A65DE9C00973DF4 /* Uber.app */ = {isa = PBXFileReference; explicitFileType = wrapper.application; includeInIndex = 0; path = Uber.app; sourceTree = BUILT_PRODUCTS_DIR; };
		F8117D1D2A65DE9C00973DF4 /* UberApp.swift */ = {isa = PBXFileReference; lastKnownFileType = sourcecode.swift; path = UberApp.swift; sourceTree = "<group>"; };
		F8117D212A65DE9E00973DF4 /* Assets.xcassets */ = {isa = PBXFileReference; lastKnownFileType = folder.assetcatalog; path = Assets.xcassets; sourceTree = "<group>"; };
		F8117D242A65DE9E00973DF4 /* Preview Assets.xcassets */ = {isa = PBXFileReference; lastKnownFileType = folder.assetcatalog; path = "Preview Assets.xcassets"; sourceTree = "<group>"; };
		F8117D362A65DFD200973DF4 /* HomeView.swift */ = {isa = PBXFileReference; lastKnownFileType = sourcecode.swift; path = HomeView.swift; sourceTree = "<group>"; };
		F8117D382A65E1C100973DF4 /* UberMapViewRepresentable.swift */ = {isa = PBXFileReference; lastKnownFileType = sourcecode.swift; path = UberMapViewRepresentable.swift; sourceTree = "<group>"; };
		F8117D3A2A65EC2400973DF4 /* LocationManager.swift */ = {isa = PBXFileReference; lastKnownFileType = sourcecode.swift; path = LocationManager.swift; sourceTree = "<group>"; };
		F8117D402A66AB9700973DF4 /* LocationSearchActivationView.swift */ = {isa = PBXFileReference; lastKnownFileType = sourcecode.swift; path = LocationSearchActivationView.swift; sourceTree = "<group>"; };
		F8117D422A66AD3800973DF4 /* MapViewActionButton.swift */ = {isa = PBXFileReference; lastKnownFileType = sourcecode.swift; path = MapViewActionButton.swift; sourceTree = "<group>"; };
		F8117D442A66AF7C00973DF4 /* LocationSearchView.swift */ = {isa = PBXFileReference; lastKnownFileType = sourcecode.swift; path = LocationSearchView.swift; sourceTree = "<group>"; };
		F8117D462A66B3FF00973DF4 /* LocationSearchResultCell.swift */ = {isa = PBXFileReference; lastKnownFileType = sourcecode.swift; path = LocationSearchResultCell.swift; sourceTree = "<group>"; };
		F8117D482A66DAE100973DF4 /* LocationSearchViewModel.swift */ = {isa = PBXFileReference; lastKnownFileType = sourcecode.swift; path = LocationSearchViewModel.swift; sourceTree = "<group>"; };
		F8117D4A2A6861FE00973DF4 /* MapViewState.swift */ = {isa = PBXFileReference; lastKnownFileType = sourcecode.swift; path = MapViewState.swift; sourceTree = "<group>"; };
		F83742A52A76A4B900D1CC33 /* SettingsView.swift */ = {isa = PBXFileReference; lastKnownFileType = sourcecode.swift; path = SettingsView.swift; sourceTree = "<group>"; };
		F83742A92A76A58900D1CC33 /* UserInfoHeader.swift */ = {isa = PBXFileReference; lastKnownFileType = sourcecode.swift; path = UserInfoHeader.swift; sourceTree = "<group>"; };
		F83742AB2A76B02F00D1CC33 /* CategoryCellView.swift */ = {isa = PBXFileReference; lastKnownFileType = sourcecode.swift; path = CategoryCellView.swift; sourceTree = "<group>"; };
		F83742AD2A76E6FF00D1CC33 /* SavedLocationViewModel.swift */ = {isa = PBXFileReference; lastKnownFileType = sourcecode.swift; path = SavedLocationViewModel.swift; sourceTree = "<group>"; };
		F83742AF2A76ED8000D1CC33 /* SavedLocationSearchView.swift */ = {isa = PBXFileReference; lastKnownFileType = sourcecode.swift; path = SavedLocationSearchView.swift; sourceTree = "<group>"; };
		F83742B12A76F71000D1CC33 /* LocationSearchResultsView.swift */ = {isa = PBXFileReference; lastKnownFileType = sourcecode.swift; path = LocationSearchResultsView.swift; sourceTree = "<group>"; };
		F83742B32A7704AB00D1CC33 /* SavedLocation.swift */ = {isa = PBXFileReference; lastKnownFileType = sourcecode.swift; path = SavedLocation.swift; sourceTree = "<group>"; };
		F83742B52A771FA400D1CC33 /* DeveloperPreview.swift */ = {isa = PBXFileReference; lastKnownFileType = sourcecode.swift; path = DeveloperPreview.swift; sourceTree = "<group>"; };
		F83742B72A77261600D1CC33 /* HomeViewModel.swift */ = {isa = PBXFileReference; lastKnownFileType = sourcecode.swift; path = HomeViewModel.swift; sourceTree = "<group>"; };
		F83742B92A79565500D1CC33 /* DriverAnnotation.swift */ = {isa = PBXFileReference; lastKnownFileType = sourcecode.swift; path = DriverAnnotation.swift; sourceTree = "<group>"; };
		F83742BC2A797F6200D1CC33 /* UserService.swift */ = {isa = PBXFileReference; lastKnownFileType = sourcecode.swift; path = UserService.swift; sourceTree = "<group>"; };
		F83742BE2A799B5800D1CC33 /* AcceptTripView.swift */ = {isa = PBXFileReference; lastKnownFileType = sourcecode.swift; path = AcceptTripView.swift; sourceTree = "<group>"; };
		F83742C02A79A7DE00D1CC33 /* Trip.swift */ = {isa = PBXFileReference; lastKnownFileType = sourcecode.swift; path = Trip.swift; sourceTree = "<group>"; };
		F83742C22A7AD81E00D1CC33 /* GeoPoint.swift */ = {isa = PBXFileReference; lastKnownFileType = sourcecode.swift; path = GeoPoint.swift; sourceTree = "<group>"; };
		F8B53F422A715963002AD317 /* RideRequestView.swift */ = {isa = PBXFileReference; lastKnownFileType = sourcecode.swift; path = RideRequestView.swift; sourceTree = "<group>"; };
		F8CA559C2A72A1A600CBC6A7 /* RideType.swift */ = {isa = PBXFileReference; lastKnownFileType = sourcecode.swift; path = RideType.swift; sourceTree = "<group>"; };
		F8CA559E2A73032600CBC6A7 /* Double.swift */ = {isa = PBXFileReference; lastKnownFileType = sourcecode.swift; path = Double.swift; sourceTree = "<group>"; };
		F8CA55A02A730EE700CBC6A7 /* UberLocation.swift */ = {isa = PBXFileReference; lastKnownFileType = sourcecode.swift; path = UberLocation.swift; sourceTree = "<group>"; };
		F8CA55A22A7315DC00CBC6A7 /* Color.swift */ = {isa = PBXFileReference; lastKnownFileType = sourcecode.swift; path = Color.swift; sourceTree = "<group>"; };
		F8CA55A72A73D36C00CBC6A7 /* LoginView.swift */ = {isa = PBXFileReference; lastKnownFileType = sourcecode.swift; path = LoginView.swift; sourceTree = "<group>"; };
		F8CA55A92A73D37D00CBC6A7 /* RegistrationView.swift */ = {isa = PBXFileReference; lastKnownFileType = sourcecode.swift; path = RegistrationView.swift; sourceTree = "<group>"; };
		F8CA55AC2A74021600CBC6A7 /* CustomInputField.swift */ = {isa = PBXFileReference; lastKnownFileType = sourcecode.swift; path = CustomInputField.swift; sourceTree = "<group>"; };
		F8CA55AE2A7559EB00CBC6A7 /* GoogleService-Info.plist */ = {isa = PBXFileReference; fileEncoding = 4; lastKnownFileType = text.plist.xml; path = "GoogleService-Info.plist"; sourceTree = "<group>"; };
		F8CA55B92A75615700CBC6A7 /* AuthViewModel.swift */ = {isa = PBXFileReference; lastKnownFileType = sourcecode.swift; path = AuthViewModel.swift; sourceTree = "<group>"; };
		F8CA55BB2A758BC500CBC6A7 /* User.swift */ = {isa = PBXFileReference; lastKnownFileType = sourcecode.swift; path = User.swift; sourceTree = "<group>"; };
		F8CA55C02A75AADC00CBC6A7 /* SideMenuView.swift */ = {isa = PBXFileReference; lastKnownFileType = sourcecode.swift; path = SideMenuView.swift; sourceTree = "<group>"; };
		F8CA55C22A75B7CD00CBC6A7 /* SideMenuOptionViewModel.swift */ = {isa = PBXFileReference; lastKnownFileType = sourcecode.swift; path = SideMenuOptionViewModel.swift; sourceTree = "<group>"; };
		F8CA55C42A75B8BE00CBC6A7 /* SideMenuOptionView.swift */ = {isa = PBXFileReference; lastKnownFileType = sourcecode.swift; path = SideMenuOptionView.swift; sourceTree = "<group>"; };
/* End PBXFileReference section */

/* Begin PBXFrameworksBuildPhase section */
		F8117D172A65DE9C00973DF4 /* Frameworks */ = {
			isa = PBXFrameworksBuildPhase;
			buildActionMask = 2147483647;
			files = (
				F8CA55B22A755D1600CBC6A7 /* FirebaseAuth in Frameworks */,
				F8CA55B82A755D1600CBC6A7 /* FirebaseStorage in Frameworks */,
				F8CA55B42A755D1600CBC6A7 /* FirebaseFirestore in Frameworks */,
				F8CA55B62A755D1600CBC6A7 /* FirebaseFirestoreSwift in Frameworks */,
			);
			runOnlyForDeploymentPostprocessing = 0;
		};
/* End PBXFrameworksBuildPhase section */

/* Begin PBXGroup section */
		F80E70AB2A7E6A0E003A3D9C /* Drivers */ = {
			isa = PBXGroup;
			children = (
				F83742BE2A799B5800D1CC33 /* AcceptTripView.swift */,
				F80E70AD2A7E6A51003A3D9C /* PickupPassengerView.swift */,
			);
			path = Drivers;
			sourceTree = "<group>";
		};
		F80E70AC2A7E6A16003A3D9C /* Passengers */ = {
			isa = PBXGroup;
			children = (
				F80E70A72A7D9C4A003A3D9C /* TripAcceptedView.swift */,
				F80E70A52A7D9BFC003A3D9C /* TripLoadingView.swift */,
				F8B53F422A715963002AD317 /* RideRequestView.swift */,
			);
			path = Passengers;
			sourceTree = "<group>";
		};
		F80E70AF2A7EA67E003A3D9C /* Shared */ = {
			isa = PBXGroup;
			children = (
				F80E70B02A7EA68D003A3D9C /* TripCancelledView.swift */,
			);
			path = Shared;
			sourceTree = "<group>";
		};
		F8117D112A65DE9C00973DF4 = {
			isa = PBXGroup;
			children = (
				F8117D1C2A65DE9C00973DF4,
				F8117D1B2A65DE9C00973DF4 /* Products */,
			);
			sourceTree = "<group>";
		};
		F8117D1B2A65DE9C00973DF4 /* Products */ = {
			isa = PBXGroup;
			children = (
				F8117D1A2A65DE9C00973DF4 /* Uber.app */,
			);
			name = Products;
			sourceTree = "<group>";
		};
		F8117D1C2A65DE9C00973DF4 = {
			isa = PBXGroup;
			children = (
				F8117D312A65DEED00973DF4 /* App */,
				F8117D302A65DEEB00973DF4 /* Core */,
				F8117D2F2A65DEE900973DF4 /* Extensions */,
				F83742BB2A797F5400D1CC33 /* Services */,
				F8117D2E2A65DEE800973DF4 /* Managers */,
				F8117D2C2A65DEE400973DF4 /* Models */,
				F8CA55AB2A7401DA00CBC6A7 /* ReusableItems */,
				F8CA55AE2A7559EB00CBC6A7 /* GoogleService-Info.plist */,
				F8117D212A65DE9E00973DF4 /* Assets.xcassets */,
				F8117D232A65DE9E00973DF4 /* Preview Content */,
			);
			sourceTree = "<group>";
		};
		F8117D232A65DE9E00973DF4 /* Preview Content */ = {
			isa = PBXGroup;
			children = (
				F8117D242A65DE9E00973DF4 /* Preview Assets.xcassets */,
			);
			path = "Preview Content";
			sourceTree = "<group>";
		};
		F8117D2C2A65DEE400973DF4 /* Models */ = {
			isa = PBXGroup;
			children = (
				F8117D4A2A6861FE00973DF4 /* MapViewState.swift */,
				F8CA559C2A72A1A600CBC6A7 /* RideType.swift */,
				F8CA55A02A730EE700CBC6A7 /* UberLocation.swift */,
				F8CA55BB2A758BC500CBC6A7 /* User.swift */,
				F83742B32A7704AB00D1CC33 /* SavedLocation.swift */,
				F83742B92A79565500D1CC33 /* DriverAnnotation.swift */,
				F83742C02A79A7DE00D1CC33 /* Trip.swift */,
			);
			path = Models;
			sourceTree = "<group>";
		};
		F8117D2E2A65DEE800973DF4 /* Managers */ = {
			isa = PBXGroup;
			children = (
				F8117D3A2A65EC2400973DF4 /* LocationManager.swift */,
			);
			path = Managers;
			sourceTree = "<group>";
		};
		F8117D2F2A65DEE900973DF4 /* Extensions */ = {
			isa = PBXGroup;
			children = (
				F8CA559E2A73032600CBC6A7 /* Double.swift */,
				F8CA55A22A7315DC00CBC6A7 /* Color.swift */,
				F83742B52A771FA400D1CC33 /* DeveloperPreview.swift */,
				F83742C22A7AD81E00D1CC33 /* GeoPoint.swift */,
			);
			path = Extensions;
			sourceTree = "<group>";
		};
		F8117D302A65DEEB00973DF4 /* Core */ = {
			isa = PBXGroup;
			children = (
				F83742A42A76A4AA00D1CC33 /* Settings */,
				F8CA55BD2A75AA9F00CBC6A7 /* SideMenu */,
				F8CA55A42A73D34200CBC6A7 /* Authentication */,
				F8B53F412A715943002AD317 /* Trips */,
				F8117D3D2A66AB3F00973DF4 /* LocationSearch */,
				F8117D3C2A66AB3200973DF4 /* Home */,
			);
			path = Core;
			sourceTree = "<group>";
		};
		F8117D312A65DEED00973DF4 /* App */ = {
			isa = PBXGroup;
			children = (
				F8117D1D2A65DE9C00973DF4 /* UberApp.swift */,
			);
			path = App;
			sourceTree = "<group>";
		};
		F8117D322A65DF2A00973DF4 /* ViewModels */ = {
			isa = PBXGroup;
			children = (
				F83742B72A77261600D1CC33 /* HomeViewModel.swift */,
			);
			path = ViewModels;
			sourceTree = "<group>";
		};
		F8117D332A65DF3B00973DF4 /* Views */ = {
			isa = PBXGroup;
			children = (
				F8117D362A65DFD200973DF4 /* HomeView.swift */,
				F8117D382A65E1C100973DF4 /* UberMapViewRepresentable.swift */,
				F8117D422A66AD3800973DF4 /* MapViewActionButton.swift */,
			);
			path = Views;
			sourceTree = "<group>";
		};
		F8117D3C2A66AB3200973DF4 /* Home */ = {
			isa = PBXGroup;
			children = (
				F8117D332A65DF3B00973DF4 /* Views */,
				F8117D322A65DF2A00973DF4 /* ViewModels */,
			);
			path = Home;
			sourceTree = "<group>";
		};
		F8117D3D2A66AB3F00973DF4 /* LocationSearch */ = {
			isa = PBXGroup;
			children = (
				F8117D3E2A66AB6800973DF4 /* Views */,
				F8117D3F2A66AB6D00973DF4 /* ViewModels */,
			);
			path = LocationSearch;
			sourceTree = "<group>";
		};
		F8117D3E2A66AB6800973DF4 /* Views */ = {
			isa = PBXGroup;
			children = (
				F8117D402A66AB9700973DF4 /* LocationSearchActivationView.swift */,
				F8117D442A66AF7C00973DF4 /* LocationSearchView.swift */,
				F8117D462A66B3FF00973DF4 /* LocationSearchResultCell.swift */,
				F83742AF2A76ED8000D1CC33 /* SavedLocationSearchView.swift */,
			);
			path = Views;
			sourceTree = "<group>";
		};
		F8117D3F2A66AB6D00973DF4 /* ViewModels */ = {
			isa = PBXGroup;
			children = (
				F8117D482A66DAE100973DF4 /* LocationSearchViewModel.swift */,
			);
			path = ViewModels;
			sourceTree = "<group>";
		};
		F83742A42A76A4AA00D1CC33 /* Settings */ = {
			isa = PBXGroup;
			children = (
				F83742A82A76A4BF00D1CC33 /* ViewModels */,
				F83742A72A76A4BC00D1CC33 /* Views */,
			);
			path = Settings;
			sourceTree = "<group>";
		};
		F83742A72A76A4BC00D1CC33 /* Views */ = {
			isa = PBXGroup;
			children = (
				F83742A52A76A4B900D1CC33 /* SettingsView.swift */,
			);
			path = Views;
			sourceTree = "<group>";
		};
		F83742A82A76A4BF00D1CC33 /* ViewModels */ = {
			isa = PBXGroup;
			children = (
				F83742AD2A76E6FF00D1CC33 /* SavedLocationViewModel.swift */,
			);
			path = ViewModels;
			sourceTree = "<group>";
		};
		F83742BB2A797F5400D1CC33 /* Services */ = {
			isa = PBXGroup;
			children = (
				F83742BC2A797F6200D1CC33 /* UserService.swift */,
			);
			path = Services;
			sourceTree = "<group>";
		};
		F8B53F412A715943002AD317 /* Trips */ = {
			isa = PBXGroup;
			children = (
				F80E70AF2A7EA67E003A3D9C /* Shared */,
				F80E70AC2A7E6A16003A3D9C /* Passengers */,
				F80E70AB2A7E6A0E003A3D9C /* Drivers */,
			);
			path = Trips;
			sourceTree = "<group>";
		};
		F8CA55A42A73D34200CBC6A7 /* Authentication */ = {
			isa = PBXGroup;
			children = (
				F8CA55A62A73D35D00CBC6A7 /* Views */,
				F8CA55A52A73D35100CBC6A7 /* ViewModels */,
			);
			path = Authentication;
			sourceTree = "<group>";
		};
		F8CA55A52A73D35100CBC6A7 /* ViewModels */ = {
			isa = PBXGroup;
			children = (
				F8CA55B92A75615700CBC6A7 /* AuthViewModel.swift */,
			);
			path = ViewModels;
			sourceTree = "<group>";
		};
		F8CA55A62A73D35D00CBC6A7 /* Views */ = {
			isa = PBXGroup;
			children = (
				F8CA55A72A73D36C00CBC6A7 /* LoginView.swift */,
				F8CA55A92A73D37D00CBC6A7 /* RegistrationView.swift */,
			);
			path = Views;
			sourceTree = "<group>";
		};
		F8CA55AB2A7401DA00CBC6A7 /* ReusableItems */ = {
			isa = PBXGroup;
			children = (
				F80E70A92A7DA174003A3D9C /* Spinner.swift */,
				F8CA55AC2A74021600CBC6A7 /* CustomInputField.swift */,
				F83742A92A76A58900D1CC33 /* UserInfoHeader.swift */,
				F83742AB2A76B02F00D1CC33 /* CategoryCellView.swift */,
				F83742B12A76F71000D1CC33 /* LocationSearchResultsView.swift */,
			);
			path = ReusableItems;
			sourceTree = "<group>";
		};
		F8CA55BD2A75AA9F00CBC6A7 /* SideMenu */ = {
			isa = PBXGroup;
			children = (
				F8CA55BF2A75AAAB00CBC6A7 /* ViewModels */,
				F8CA55BE2A75AAA800CBC6A7 /* Views */,
			);
			path = SideMenu;
			sourceTree = "<group>";
		};
		F8CA55BE2A75AAA800CBC6A7 /* Views */ = {
			isa = PBXGroup;
			children = (
				F8CA55C02A75AADC00CBC6A7 /* SideMenuView.swift */,
				F8CA55C42A75B8BE00CBC6A7 /* SideMenuOptionView.swift */,
			);
			path = Views;
			sourceTree = "<group>";
		};
		F8CA55BF2A75AAAB00CBC6A7 /* ViewModels */ = {
			isa = PBXGroup;
			children = (
				F8CA55C22A75B7CD00CBC6A7 /* SideMenuOptionViewModel.swift */,
			);
			path = ViewModels;
			sourceTree = "<group>";
		};
/* End PBXGroup section */

/* Begin PBXNativeTarget section */
		F8117D192A65DE9C00973DF4 /* Uber */ = {
			isa = PBXNativeTarget;
			buildConfigurationList = F8117D282A65DE9E00973DF4 /* Build configuration list for PBXNativeTarget "Uber" */;
			buildPhases = (
				F8117D162A65DE9C00973DF4 /* Sources */,
				F8117D172A65DE9C00973DF4 /* Frameworks */,
				F8117D182A65DE9C00973DF4 /* Resources */,
			);
			buildRules = (
			);
			dependencies = (
			);
			name = Uber;
			packageProductDependencies = (
				F8CA55B12A755D1600CBC6A7 /* FirebaseAuth */,
				F8CA55B32A755D1600CBC6A7 /* FirebaseFirestore */,
				F8CA55B52A755D1600CBC6A7 /* FirebaseFirestoreSwift */,
				F8CA55B72A755D1600CBC6A7 /* FirebaseStorage */,
			);
			productName = Uber;
			productReference = F8117D1A2A65DE9C00973DF4 /* Uber.app */;
			productType = "com.apple.product-type.application";
		};
/* End PBXNativeTarget section */

/* Begin PBXProject section */
		F8117D122A65DE9C00973DF4 /* Project object */ = {
			isa = PBXProject;
			attributes = {
				BuildIndependentTargetsInParallel = 1;
				LastSwiftUpdateCheck = 1430;
				LastUpgradeCheck = 1430;
				TargetAttributes = {
					F8117D192A65DE9C00973DF4 = {
						CreatedOnToolsVersion = 14.3.1;
					};
				};
			};
			buildConfigurationList = F8117D152A65DE9C00973DF4 /* Build configuration list for PBXProject "Uber" */;
			compatibilityVersion = "Xcode 14.0";
			developmentRegion = en;
			hasScannedForEncodings = 0;
			knownRegions = (
				en,
				Base,
			);
			mainGroup = F8117D112A65DE9C00973DF4;
			packageReferences = (
				F8CA55B02A755D1600CBC6A7 /* XCRemoteSwiftPackageReference "firebase-ios-sdk" */,
			);
			productRefGroup = F8117D1B2A65DE9C00973DF4 /* Products */;
			projectDirPath = "";
			projectRoot = "";
			targets = (
				F8117D192A65DE9C00973DF4 /* Uber */,
			);
		};
/* End PBXProject section */

/* Begin PBXResourcesBuildPhase section */
		F8117D182A65DE9C00973DF4 /* Resources */ = {
			isa = PBXResourcesBuildPhase;
			buildActionMask = 2147483647;
			files = (
				F8117D252A65DE9E00973DF4 /* Preview Assets.xcassets in Resources */,
				F8117D222A65DE9E00973DF4 /* Assets.xcassets in Resources */,
				F8CA55AF2A7559EB00CBC6A7 /* GoogleService-Info.plist in Resources */,
			);
			runOnlyForDeploymentPostprocessing = 0;
		};
/* End PBXResourcesBuildPhase section */

/* Begin PBXSourcesBuildPhase section */
		F8117D162A65DE9C00973DF4 /* Sources */ = {
			isa = PBXSourcesBuildPhase;
			buildActionMask = 2147483647;
			files = (
				F8117D492A66DAE100973DF4 /* LocationSearchViewModel.swift in Sources */,
				F83742B02A76ED8000D1CC33 /* SavedLocationSearchView.swift in Sources */,
				F8117D452A66AF7C00973DF4 /* LocationSearchView.swift in Sources */,
				F83742B82A77261600D1CC33 /* HomeViewModel.swift in Sources */,
				F80E70A62A7D9BFC003A3D9C /* TripLoadingView.swift in Sources */,
				F83742AC2A76B02F00D1CC33 /* CategoryCellView.swift in Sources */,
				F8117D3B2A65EC2400973DF4 /* LocationManager.swift in Sources */,
				F83742C32A7AD81E00D1CC33 /* GeoPoint.swift in Sources */,
				F83742BD2A797F6200D1CC33 /* UserService.swift in Sources */,
				F8CA55C32A75B7CD00CBC6A7 /* SideMenuOptionViewModel.swift in Sources */,
				F8B53F432A715963002AD317 /* RideRequestView.swift in Sources */,
				F83742B62A771FA400D1CC33 /* DeveloperPreview.swift in Sources */,
				F8CA559F2A73032600CBC6A7 /* Double.swift in Sources */,
				F83742BF2A799B5800D1CC33 /* AcceptTripView.swift in Sources */,
				F83742C12A79A7DE00D1CC33 /* Trip.swift in Sources */,
				F8CA55AA2A73D37D00CBC6A7 /* RegistrationView.swift in Sources */,
				F8CA55BA2A75615700CBC6A7 /* AuthViewModel.swift in Sources */,
				F83742B22A76F71000D1CC33 /* LocationSearchResultsView.swift in Sources */,
				F83742BA2A79565500D1CC33 /* DriverAnnotation.swift in Sources */,
				F83742AE2A76E6FF00D1CC33 /* SavedLocationViewModel.swift in Sources */,
				F8117D4B2A6861FE00973DF4 /* MapViewState.swift in Sources */,
				F83742A62A76A4B900D1CC33 /* SettingsView.swift in Sources */,
				F8CA55BC2A758BC500CBC6A7 /* User.swift in Sources */,
				F8117D432A66AD3800973DF4 /* MapViewActionButton.swift in Sources */,
				F8117D1E2A65DE9C00973DF4 /* UberApp.swift in Sources */,
				F8CA55A32A7315DC00CBC6A7 /* Color.swift in Sources */,
				F80E70AE2A7E6A51003A3D9C /* PickupPassengerView.swift in Sources */,
				F80E70B12A7EA68D003A3D9C /* TripCancelledView.swift in Sources */,
				F80E70A82A7D9C4A003A3D9C /* TripAcceptedView.swift in Sources */,
				F8CA55C52A75B8BE00CBC6A7 /* SideMenuOptionView.swift in Sources */,
				F8117D392A65E1C100973DF4 /* UberMapViewRepresentable.swift in Sources */,
				F8117D372A65DFD200973DF4 /* HomeView.swift in Sources */,
				F8CA55A12A730EE700CBC6A7 /* UberLocation.swift in Sources */,
				F8CA55C12A75AADC00CBC6A7 /* SideMenuView.swift in Sources */,
				F83742AA2A76A58900D1CC33 /* UserInfoHeader.swift in Sources */,
				F8117D412A66AB9700973DF4 /* LocationSearchActivationView.swift in Sources */,
				F83742B42A7704AB00D1CC33 /* SavedLocation.swift in Sources */,
				F8117D472A66B3FF00973DF4 /* LocationSearchResultCell.swift in Sources */,
				F8CA55A82A73D36C00CBC6A7 /* LoginView.swift in Sources */,
				F8CA55AD2A74021600CBC6A7 /* CustomInputField.swift in Sources */,
				F8CA559D2A72A1A600CBC6A7 /* RideType.swift in Sources */,
				F80E70AA2A7DA174003A3D9C /* Spinner.swift in Sources */,
			);
			runOnlyForDeploymentPostprocessing = 0;
		};
/* End PBXSourcesBuildPhase section */

/* Begin XCBuildConfiguration section */
		F8117D262A65DE9E00973DF4 /* Debug */ = {
			isa = XCBuildConfiguration;
			buildSettings = {
				ALWAYS_SEARCH_USER_PATHS = NO;
				CLANG_ANALYZER_NONNULL = YES;
				CLANG_ANALYZER_NUMBER_OBJECT_CONVERSION = YES_AGGRESSIVE;
				CLANG_CXX_LANGUAGE_STANDARD = "gnu++20";
				CLANG_ENABLE_MODULES = YES;
				CLANG_ENABLE_OBJC_ARC = YES;
				CLANG_ENABLE_OBJC_WEAK = YES;
				CLANG_WARN_BLOCK_CAPTURE_AUTORELEASING = YES;
				CLANG_WARN_BOOL_CONVERSION = YES;
				CLANG_WARN_COMMA = YES;
				CLANG_WARN_CONSTANT_CONVERSION = YES;
				CLANG_WARN_DEPRECATED_OBJC_IMPLEMENTATIONS = YES;
				CLANG_WARN_DIRECT_OBJC_ISA_USAGE = YES_ERROR;
				CLANG_WARN_DOCUMENTATION_COMMENTS = YES;
				CLANG_WARN_EMPTY_BODY = YES;
				CLANG_WARN_ENUM_CONVERSION = YES;
				CLANG_WARN_INFINITE_RECURSION = YES;
				CLANG_WARN_INT_CONVERSION = YES;
				CLANG_WARN_NON_LITERAL_NULL_CONVERSION = YES;
				CLANG_WARN_OBJC_IMPLICIT_RETAIN_SELF = YES;
				CLANG_WARN_OBJC_LITERAL_CONVERSION = YES;
				CLANG_WARN_OBJC_ROOT_CLASS = YES_ERROR;
				CLANG_WARN_QUOTED_INCLUDE_IN_FRAMEWORK_HEADER = YES;
				CLANG_WARN_RANGE_LOOP_ANALYSIS = YES;
				CLANG_WARN_STRICT_PROTOTYPES = YES;
				CLANG_WARN_SUSPICIOUS_MOVE = YES;
				CLANG_WARN_UNGUARDED_AVAILABILITY = YES_AGGRESSIVE;
				CLANG_WARN_UNREACHABLE_CODE = YES;
				CLANG_WARN__DUPLICATE_METHOD_MATCH = YES;
				COPY_PHASE_STRIP = NO;
				DEBUG_INFORMATION_FORMAT = dwarf;
				ENABLE_STRICT_OBJC_MSGSEND = YES;
				ENABLE_TESTABILITY = YES;
				GCC_C_LANGUAGE_STANDARD = gnu11;
				GCC_DYNAMIC_NO_PIC = NO;
				GCC_NO_COMMON_BLOCKS = YES;
				GCC_OPTIMIZATION_LEVEL = 0;
				GCC_PREPROCESSOR_DEFINITIONS = (
					"DEBUG=1",
					"$(inherited)",
				);
				GCC_WARN_64_TO_32_BIT_CONVERSION = YES;
				GCC_WARN_ABOUT_RETURN_TYPE = YES_ERROR;
				GCC_WARN_UNDECLARED_SELECTOR = YES;
				GCC_WARN_UNINITIALIZED_AUTOS = YES_AGGRESSIVE;
				GCC_WARN_UNUSED_FUNCTION = YES;
				GCC_WARN_UNUSED_VARIABLE = YES;
				IPHONEOS_DEPLOYMENT_TARGET = 16.4;
				MTL_ENABLE_DEBUG_INFO = INCLUDE_SOURCE;
				MTL_FAST_MATH = YES;
				ONLY_ACTIVE_ARCH = YES;
				SDKROOT = iphoneos;
				SWIFT_ACTIVE_COMPILATION_CONDITIONS = DEBUG;
				SWIFT_OPTIMIZATION_LEVEL = "-Onone";
			};
			name = Debug;
		};
		F8117D272A65DE9E00973DF4 /* Release */ = {
			isa = XCBuildConfiguration;
			buildSettings = {
				ALWAYS_SEARCH_USER_PATHS = NO;
				CLANG_ANALYZER_NONNULL = YES;
				CLANG_ANALYZER_NUMBER_OBJECT_CONVERSION = YES_AGGRESSIVE;
				CLANG_CXX_LANGUAGE_STANDARD = "gnu++20";
				CLANG_ENABLE_MODULES = YES;
				CLANG_ENABLE_OBJC_ARC = YES;
				CLANG_ENABLE_OBJC_WEAK = YES;
				CLANG_WARN_BLOCK_CAPTURE_AUTORELEASING = YES;
				CLANG_WARN_BOOL_CONVERSION = YES;
				CLANG_WARN_COMMA = YES;
				CLANG_WARN_CONSTANT_CONVERSION = YES;
				CLANG_WARN_DEPRECATED_OBJC_IMPLEMENTATIONS = YES;
				CLANG_WARN_DIRECT_OBJC_ISA_USAGE = YES_ERROR;
				CLANG_WARN_DOCUMENTATION_COMMENTS = YES;
				CLANG_WARN_EMPTY_BODY = YES;
				CLANG_WARN_ENUM_CONVERSION = YES;
				CLANG_WARN_INFINITE_RECURSION = YES;
				CLANG_WARN_INT_CONVERSION = YES;
				CLANG_WARN_NON_LITERAL_NULL_CONVERSION = YES;
				CLANG_WARN_OBJC_IMPLICIT_RETAIN_SELF = YES;
				CLANG_WARN_OBJC_LITERAL_CONVERSION = YES;
				CLANG_WARN_OBJC_ROOT_CLASS = YES_ERROR;
				CLANG_WARN_QUOTED_INCLUDE_IN_FRAMEWORK_HEADER = YES;
				CLANG_WARN_RANGE_LOOP_ANALYSIS = YES;
				CLANG_WARN_STRICT_PROTOTYPES = YES;
				CLANG_WARN_SUSPICIOUS_MOVE = YES;
				CLANG_WARN_UNGUARDED_AVAILABILITY = YES_AGGRESSIVE;
				CLANG_WARN_UNREACHABLE_CODE = YES;
				CLANG_WARN__DUPLICATE_METHOD_MATCH = YES;
				COPY_PHASE_STRIP = NO;
				DEBUG_INFORMATION_FORMAT = "dwarf-with-dsym";
				ENABLE_NS_ASSERTIONS = NO;
				ENABLE_STRICT_OBJC_MSGSEND = YES;
				GCC_C_LANGUAGE_STANDARD = gnu11;
				GCC_NO_COMMON_BLOCKS = YES;
				GCC_WARN_64_TO_32_BIT_CONVERSION = YES;
				GCC_WARN_ABOUT_RETURN_TYPE = YES_ERROR;
				GCC_WARN_UNDECLARED_SELECTOR = YES;
				GCC_WARN_UNINITIALIZED_AUTOS = YES_AGGRESSIVE;
				GCC_WARN_UNUSED_FUNCTION = YES;
				GCC_WARN_UNUSED_VARIABLE = YES;
				IPHONEOS_DEPLOYMENT_TARGET = 16.4;
				MTL_ENABLE_DEBUG_INFO = NO;
				MTL_FAST_MATH = YES;
				SDKROOT = iphoneos;
				SWIFT_COMPILATION_MODE = wholemodule;
				SWIFT_OPTIMIZATION_LEVEL = "-O";
				VALIDATE_PRODUCT = YES;
			};
			name = Release;
		};
		F8117D292A65DE9E00973DF4 /* Debug */ = {
			isa = XCBuildConfiguration;
			buildSettings = {
				ASSETCATALOG_COMPILER_APPICON_NAME = AppIcon;
				ASSETCATALOG_COMPILER_GLOBAL_ACCENT_COLOR_NAME = AccentColor;
				CODE_SIGN_STYLE = Automatic;
				CURRENT_PROJECT_VERSION = 1;
				DEVELOPMENT_ASSET_PATHS = "\"Preview Content\"";
				DEVELOPMENT_TEAM = 4RVQ5686Z7;
				ENABLE_PREVIEWS = YES;
				GENERATE_INFOPLIST_FILE = YES;
				INFOPLIST_KEY_NSLocationWhenInUseUsageDescription = "Please allow us to access your location to find you near drivers and rides";
				INFOPLIST_KEY_UIApplicationSceneManifest_Generation = YES;
				INFOPLIST_KEY_UIApplicationSupportsIndirectInputEvents = YES;
				INFOPLIST_KEY_UILaunchScreen_Generation = YES;
				INFOPLIST_KEY_UISupportedInterfaceOrientations_iPad = "UIInterfaceOrientationPortrait UIInterfaceOrientationPortraitUpsideDown UIInterfaceOrientationLandscapeLeft UIInterfaceOrientationLandscapeRight";
				INFOPLIST_KEY_UISupportedInterfaceOrientations_iPhone = "UIInterfaceOrientationPortrait UIInterfaceOrientationLandscapeLeft UIInterfaceOrientationLandscapeRight";
				LD_RUNPATH_SEARCH_PATHS = (
					"$(inherited)",
					"@executable_path/Frameworks",
				);
				MARKETING_VERSION = 1.0;
				PRODUCT_BUNDLE_IDENTIFIER = com.keofoxy.Uber;
				PRODUCT_NAME = "$(TARGET_NAME)";
				SWIFT_EMIT_LOC_STRINGS = YES;
				SWIFT_VERSION = 5.0;
				TARGETED_DEVICE_FAMILY = "1,2";
			};
			name = Debug;
		};
		F8117D2A2A65DE9E00973DF4 /* Release */ = {
			isa = XCBuildConfiguration;
			buildSettings = {
				ASSETCATALOG_COMPILER_APPICON_NAME = AppIcon;
				ASSETCATALOG_COMPILER_GLOBAL_ACCENT_COLOR_NAME = AccentColor;
				CODE_SIGN_STYLE = Automatic;
				CURRENT_PROJECT_VERSION = 1;
				DEVELOPMENT_ASSET_PATHS = "\"Uber/Preview Content\"";
				DEVELOPMENT_TEAM = 4RVQ5686Z7;
				ENABLE_PREVIEWS = YES;
				GENERATE_INFOPLIST_FILE = YES;
				INFOPLIST_KEY_NSLocationWhenInUseUsageDescription = "Please allow us to access your location to find you near drivers and rides";
				INFOPLIST_KEY_UIApplicationSceneManifest_Generation = YES;
				INFOPLIST_KEY_UIApplicationSupportsIndirectInputEvents = YES;
				INFOPLIST_KEY_UILaunchScreen_Generation = YES;
				INFOPLIST_KEY_UISupportedInterfaceOrientations_iPad = "UIInterfaceOrientationPortrait UIInterfaceOrientationPortraitUpsideDown UIInterfaceOrientationLandscapeLeft UIInterfaceOrientationLandscapeRight";
				INFOPLIST_KEY_UISupportedInterfaceOrientations_iPhone = "UIInterfaceOrientationPortrait UIInterfaceOrientationLandscapeLeft UIInterfaceOrientationLandscapeRight";
				LD_RUNPATH_SEARCH_PATHS = (
					"$(inherited)",
					"@executable_path/Frameworks",
				);
				MARKETING_VERSION = 1.0;
				PRODUCT_BUNDLE_IDENTIFIER = com.keofoxy.Uber;
				PRODUCT_NAME = "$(TARGET_NAME)";
				SWIFT_EMIT_LOC_STRINGS = YES;
				SWIFT_VERSION = 5.0;
				TARGETED_DEVICE_FAMILY = "1,2";
			};
			name = Release;
		};
/* End XCBuildConfiguration section */

/* Begin XCConfigurationList section */
		F8117D152A65DE9C00973DF4 /* Build configuration list for PBXProject "Uber" */ = {
			isa = XCConfigurationList;
			buildConfigurations = (
				F8117D262A65DE9E00973DF4 /* Debug */,
				F8117D272A65DE9E00973DF4 /* Release */,
			);
			defaultConfigurationIsVisible = 0;
			defaultConfigurationName = Release;
		};
		F8117D282A65DE9E00973DF4 /* Build configuration list for PBXNativeTarget "Uber" */ = {
			isa = XCConfigurationList;
			buildConfigurations = (
				F8117D292A65DE9E00973DF4 /* Debug */,
				F8117D2A2A65DE9E00973DF4 /* Release */,
			);
			defaultConfigurationIsVisible = 0;
			defaultConfigurationName = Release;
		};
/* End XCConfigurationList section */

/* Begin XCRemoteSwiftPackageReference section */
		F8CA55B02A755D1600CBC6A7 /* XCRemoteSwiftPackageReference "firebase-ios-sdk" */ = {
			isa = XCRemoteSwiftPackageReference;
			repositoryURL = "https://github.com/firebase/firebase-ios-sdk";
			requirement = {
				kind = upToNextMajorVersion;
				minimumVersion = 10.0.0;
			};
		};
/* End XCRemoteSwiftPackageReference section */

/* Begin XCSwiftPackageProductDependency section */
		F8CA55B12A755D1600CBC6A7 /* FirebaseAuth */ = {
			isa = XCSwiftPackageProductDependency;
			package = F8CA55B02A755D1600CBC6A7 /* XCRemoteSwiftPackageReference "firebase-ios-sdk" */;
			productName = FirebaseAuth;
		};
		F8CA55B32A755D1600CBC6A7 /* FirebaseFirestore */ = {
			isa = XCSwiftPackageProductDependency;
			package = F8CA55B02A755D1600CBC6A7 /* XCRemoteSwiftPackageReference "firebase-ios-sdk" */;
			productName = FirebaseFirestore;
		};
		F8CA55B52A755D1600CBC6A7 /* FirebaseFirestoreSwift */ = {
			isa = XCSwiftPackageProductDependency;
			package = F8CA55B02A755D1600CBC6A7 /* XCRemoteSwiftPackageReference "firebase-ios-sdk" */;
			productName = FirebaseFirestoreSwift;
		};
		F8CA55B72A755D1600CBC6A7 /* FirebaseStorage */ = {
			isa = XCSwiftPackageProductDependency;
			package = F8CA55B02A755D1600CBC6A7 /* XCRemoteSwiftPackageReference "firebase-ios-sdk" */;
			productName = FirebaseStorage;
		};
/* End XCSwiftPackageProductDependency section */
	};
	rootObject = F8117D122A65DE9C00973DF4 /* Project object */;
}
